
Microsoft Visual Studio Solution File, Format Version 12.00
# Visual Studio Version 17
VisualStudioVersion = 17.0.31903.59
MinimumVisualStudioVersion = 10.0.40219.1
Project("{FAE04EC0-301F-11D3-BF4B-00C04F79EFBC}") = "Client", "Client\Client.csproj", "{B5669ECE-B3E4-444A-8F06-6E547B6A80C7}"
EndProject
Project("{FAE04EC0-301F-11D3-BF4B-00C04F79EFBC}") = "Client.Test", "Client.Test\Client.Test.csproj", "{2B458947-5B2B-4B58-A3F0-758C0B09217E}"
EndProject
Project("{FAE04EC0-301F-11D3-BF4B-00C04F79EFBC}") = "Client.Test.Integration", "Client.Test.Integration\Client.Test.Integration.csproj", "{4BE03DEE-47BF-4F7B-8474-4214E643D72E}"
EndProject
Project("{2150E333-8FDC-42A3-9474-1A3956D46DE8}") = "Examples", "Examples", "{EFBEAA10-411F-4BDB-A96B-B54632FAE99D}"
EndProject
Project("{FAE04EC0-301F-11D3-BF4B-00C04F79EFBC}") = "Examples.IOx", "Examples\IOx\Examples.IOx.csproj", "{B2DA69ED-C21D-4531-A32A-E537DC511785}"
EndProject
Project("{FAE04EC0-301F-11D3-BF4B-00C04F79EFBC}") = "Downsampling", "Examples\Downsampling\Downsampling.csproj", "{44C91C8C-B194-48CE-A5B1-763457F118F4}"
EndProject
Project("{FAE04EC0-301F-11D3-BF4B-00C04F79EFBC}") = "General", "Examples\General\General.csproj", "{2355049F-531D-4B43-9DFD-D88C75023B04}"
EndProject
Global
	GlobalSection(SolutionConfigurationPlatforms) = preSolution
		Debug|Any CPU = Debug|Any CPU
		Release|Any CPU = Release|Any CPU
	EndGlobalSection
	GlobalSection(SolutionProperties) = preSolution
		HideSolutionNode = FALSE
	EndGlobalSection
	GlobalSection(ProjectConfigurationPlatforms) = postSolution
		{B5669ECE-B3E4-444A-8F06-6E547B6A80C7}.Debug|Any CPU.ActiveCfg = Debug|Any CPU
		{B5669ECE-B3E4-444A-8F06-6E547B6A80C7}.Debug|Any CPU.Build.0 = Debug|Any CPU
		{B5669ECE-B3E4-444A-8F06-6E547B6A80C7}.Release|Any CPU.ActiveCfg = Release|Any CPU
		{B5669ECE-B3E4-444A-8F06-6E547B6A80C7}.Release|Any CPU.Build.0 = Release|Any CPU
		{2B458947-5B2B-4B58-A3F0-758C0B09217E}.Debug|Any CPU.ActiveCfg = Debug|Any CPU
		{2B458947-5B2B-4B58-A3F0-758C0B09217E}.Debug|Any CPU.Build.0 = Debug|Any CPU
		{2B458947-5B2B-4B58-A3F0-758C0B09217E}.Release|Any CPU.ActiveCfg = Release|Any CPU
		{2B458947-5B2B-4B58-A3F0-758C0B09217E}.Release|Any CPU.Build.0 = Release|Any CPU
		{4BE03DEE-47BF-4F7B-8474-4214E643D72E}.Debug|Any CPU.ActiveCfg = Debug|Any CPU
		{4BE03DEE-47BF-4F7B-8474-4214E643D72E}.Debug|Any CPU.Build.0 = Debug|Any CPU
		{4BE03DEE-47BF-4F7B-8474-4214E643D72E}.Release|Any CPU.ActiveCfg = Release|Any CPU
		{4BE03DEE-47BF-4F7B-8474-4214E643D72E}.Release|Any CPU.Build.0 = Release|Any CPU
		{B2DA69ED-C21D-4531-A32A-E537DC511785}.Debug|Any CPU.ActiveCfg = Debug|Any CPU
		{B2DA69ED-C21D-4531-A32A-E537DC511785}.Debug|Any CPU.Build.0 = Debug|Any CPU
		{B2DA69ED-C21D-4531-A32A-E537DC511785}.Release|Any CPU.ActiveCfg = Release|Any CPU
		{B2DA69ED-C21D-4531-A32A-E537DC511785}.Release|Any CPU.Build.0 = Release|Any CPU
		{44C91C8C-B194-48CE-A5B1-763457F118F4}.Debug|Any CPU.ActiveCfg = Debug|Any CPU
		{44C91C8C-B194-48CE-A5B1-763457F118F4}.Debug|Any CPU.Build.0 = Debug|Any CPU
		{44C91C8C-B194-48CE-A5B1-763457F118F4}.Release|Any CPU.ActiveCfg = Release|Any CPU
		{44C91C8C-B194-48CE-A5B1-763457F118F4}.Release|Any CPU.Build.0 = Release|Any CPU
		{2355049F-531D-4B43-9DFD-D88C75023B04}.Debug|Any CPU.ActiveCfg = Debug|Any CPU
		{2355049F-531D-4B43-9DFD-D88C75023B04}.Debug|Any CPU.Build.0 = Debug|Any CPU
		{2355049F-531D-4B43-9DFD-D88C75023B04}.Release|Any CPU.ActiveCfg = Release|Any CPU
		{2355049F-531D-4B43-9DFD-D88C75023B04}.Release|Any CPU.Build.0 = Release|Any CPU
	EndGlobalSection
	GlobalSection(NestedProjects) = preSolution
		{B2DA69ED-C21D-4531-A32A-E537DC511785} = {EFBEAA10-411F-4BDB-A96B-B54632FAE99D}
		{44C91C8C-B194-48CE-A5B1-763457F118F4} = {EFBEAA10-411F-4BDB-A96B-B54632FAE99D}
		{2355049F-531D-4B43-9DFD-D88C75023B04} = {EFBEAA10-411F-4BDB-A96B-B54632FAE99D}
	EndGlobalSection
EndGlobal
